{
	"name": "kibana-time-plugin",
	"version": "kibana",
	"lockfileVersion": 1,
	"requires": true,
	"dependencies": {
		"angularjs-datepicker": {
			"version": "2.1.23",
			"resolved": "http://registry.npm.taobao.org/angularjs-datepicker/download/angularjs-datepicker-2.1.23.tgz",
			"integrity": "sha1-ZJq4viz3dpKw/IEuKp2xgCIcJOU="
		}
	}
}
